
Microsoft Visual Studio Solution File, Format Version 12.00
# Visual Studio Version 16
VisualStudioVersion = 16.0.31624.102
MinimumVisualStudioVersion = 10.0.40219.1
Project("{FAE04EC0-301F-11D3-BF4B-00C04F79EFBC}") = "Linear Algebra", "Linear Algebra.csproj", "{5EE78A29-CE7C-4DB3-A48D-F063B236C477}"
EndProject
Global
	GlobalSection(SolutionConfigurationPlatforms) = preSolution
		Debug|Any CPU = Debug|Any CPU
		Release|Any CPU = Release|Any CPU
	EndGlobalSection
	GlobalSection(ProjectConfigurationPlatforms) = postSolution
		{5EE78A29-CE7C-4DB3-A48D-F063B236C477}.Debug|Any CPU.ActiveCfg = Debug|Any CPU
		{5EE78A29-CE7C-4DB3-A48D-F063B236C477}.Debug|Any CPU.Build.0 = Debug|Any CPU
		{5EE78A29-CE7C-4DB3-A48D-F063B236C477}.Release|Any CPU.ActiveCfg = Release|Any CPU
		{5EE78A29-CE7C-4DB3-A48D-F063B236C477}.Release|Any CPU.Build.0 = Release|Any CPU
	EndGlobalSection
	GlobalSection(SolutionProperties) = preSolution
		HideSolutionNode = FALSE
	EndGlobalSection
	GlobalSection(ExtensibilityGlobals) = postSolution
		SolutionGuid = {91436ACC-383A-4BAB-A11B-1B4AE65C61E3}
	EndGlobalSection
EndGlobal
